Microsoft Visual Studio Solution File, Format Version 12.00
# Visual Studio Version 17
VisualStudioVersion = 17.5.2.0
MinimumVisualStudioVersion = 10.0.40219.1
Project("{FAE04EC0-301F-11D3-BF4B-00C04F79EFBC}") = "BridgeBot", "BridgeBot.csproj", "{55971156-967E-90FB-1023-206B36A28B82}"
EndProject
Global
	GlobalSection(SolutionConfigurationPlatforms) = preSolution
		Debug|Any CPU = Debug|Any CPU
		Release|Any CPU = Release|Any CPU
	EndGlobalSection
	GlobalSection(ProjectConfigurationPlatforms) = postSolution
		{55971156-967E-90FB-1023-206B36A28B82}.Debug|Any CPU.ActiveCfg = Debug|Any CPU
		{55971156-967E-90FB-1023-206B36A28B82}.Debug|Any CPU.Build.0 = Debug|Any CPU
		{55971156-967E-90FB-1023-206B36A28B82}.Release|Any CPU.ActiveCfg = Release|Any CPU
		{55971156-967E-90FB-1023-206B36A28B82}.Release|Any CPU.Build.0 = Release|Any CPU
	EndGlobalSection
	GlobalSection(SolutionProperties) = preSolution
		HideSolutionNode = FALSE
	EndGlobalSection
	GlobalSection(ExtensibilityGlobals) = postSolution
		SolutionGuid = {4700DBE2-F1A4-4B2B-A56B-E5B5A92BFFDE}
	EndGlobalSection
EndGlobal
